{
  "nodes": {
    "filter": {
      "locked": {
        "lastModified": 1659352118,
        "narHash": "sha256-X/Tdlj/PYxcQg/1hcHXxdnDr5zLO22LohIudX+oT968=",
        "owner": "numtide",
        "repo": "nix-filter",
        "rev": "3e1fff9ec0112fe5ec61ea7cc6d37c1720d865f8",
        "type": "github"
      },
      "original": {
        "owner": "numtide",
        "repo": "nix-filter",
        "type": "github"
      }
    },
    "nixpkgs": {
      "locked": {
        "lastModified": 1661700591,
        "narHash": "sha256-NZa+z+TJC+Hk+87+LKkjFFmBn4GyMVEPcWFXFU+aTkU=",
        "owner": "NixOS",
        "repo": "nixpkgs",
        "rev": "16236dd7e33ba4579ccd3ca8349396b2f9c960fe",
        "type": "github"
      },
      "original": {
        "owner": "NixOS",
        "ref": "nixos-22.05",
        "repo": "nixpkgs",
        "type": "github"
      }
    },
    "root": {
      "inputs": {
        "filter": "filter",
        "nixpkgs": "nixpkgs",
        "utils": "utils",
        "zicross": "zicross"
      }
    },
    "utils": {
      "locked": {
        "lastModified": 1656928814,
        "narHash": "sha256-RIFfgBuKz6Hp89yRr7+NR5tzIAbn52h8vT6vXkYjZoM=",
        "owner": "numtide",
        "repo": "flake-utils",
        "rev": "7e2a3b3dfd9af950a856d66b0a7d01e3c18aa249",
        "type": "github"
      },
      "original": {
        "owner": "numtide",
        "repo": "flake-utils",
        "type": "github"
      }
    },
    "zicross": {
      "locked": {
        "lastModified": 1661862025,
        "narHash": "sha256-lsIdBHYdYCrDKgsecMPm+I8Vg9eT9eq+u0C2mRvnHYk=",
        "owner": "flyx",
        "repo": "Zicross",
        "rev": "5c4fcb1837df87483efe818719cb5cd84f08fada",
        "type": "github"
      },
      "original": {
        "owner": "flyx",
        "repo": "Zicross",
        "type": "github"
      }
    }
  },
  "root": "root",
  "version": 7
}
